{
  "name": "save-embeddings",
  "version": "1.0.0",
  "lockfileVersion": 3,
  "requires": true,
  "packages": {
    "": {
      "name": "save-embeddings",
      "version": "1.0.0",
      "license": "ISC",
      "dependencies": {
        "dotenv": "^16.3.1",
        "replicate": "^0.22.0"
      }
    },
    "node_modules/dotenv": {
      "version": "16.3.1",
      "resolved": "https://registry.npmjs.org/dotenv/-/dotenv-16.3.1.tgz",
      "integrity": "sha512-IPzF4w4/Rd94bA9imS68tZBaYyBWSCE47V1RGuMrB94iyTOIEwRmVL2x/4An+6mETpLrKJ5hQkB8W4kFAadeIQ==",
      "engines": {
        "node": ">=12"
      },
      "funding": {
        "url": "https://github.com/motdotla/dotenv?sponsor=1"
      }
    },
    "node_modules/replicate": {
      "version": "0.22.0",
      "resolved": "https://registry.npmjs.org/replicate/-/replicate-0.22.0.tgz",
      "integrity": "sha512-jUfvYCcnnzG0l3NzgNLUBRfv7e5ZcZpBWzxGqx3v8bkvJmY0jK19JRtFtBgJFRBye61ggH1zC9cubGkburF82g==",
      "engines": {
        "git": ">=2.11.0",
        "node": ">=18.0.0",
        "npm": ">=7.19.0",
        "yarn": ">=1.7.0"
      }
    }
  }
}
